
Microsoft Visual Studio Solution File, Format Version 12.00
# Visual Studio 14
VisualStudioVersion = 14.0.24720.0
MinimumVisualStudioVersion = 10.0.40219.1
Project("{FAE04EC0-301F-11D3-BF4B-00C04F79EFBC}") = "MonoGameEngine", "MonoGameEngine\MonoGameEngine.csproj", "{1364642B-89D0-48AC-BF70-79997B7FC312}"
EndProject
Project("{FAE04EC0-301F-11D3-BF4B-00C04F79EFBC}") = "MinecraftClone", "MinecraftClone\MinecraftClone.csproj", "{9D0AFB89-D88E-4EA9-ACED-7A5F002848A2}"
EndProject
Global
	GlobalSection(SolutionConfigurationPlatforms) = preSolution
		Debug|Any CPU = Debug|Any CPU
		Debug|Mixed Platforms = Debug|Mixed Platforms
		Debug|Windows Phone = Debug|Windows Phone
		Debug|x64 = Debug|x64
		Debug|x86 = Debug|x86
		Debug|Xbox 360 = Debug|Xbox 360
		EditorRelease|Any CPU = EditorRelease|Any CPU
		EditorRelease|Mixed Platforms = EditorRelease|Mixed Platforms
		EditorRelease|Windows Phone = EditorRelease|Windows Phone
		EditorRelease|x64 = EditorRelease|x64
		EditorRelease|x86 = EditorRelease|x86
		EditorRelease|Xbox 360 = EditorRelease|Xbox 360
		EngineDebug|Any CPU = EngineDebug|Any CPU
		EngineDebug|Mixed Platforms = EngineDebug|Mixed Platforms
		EngineDebug|Windows Phone = EngineDebug|Windows Phone
		EngineDebug|x64 = EngineDebug|x64
		EngineDebug|x86 = EngineDebug|x86
		EngineDebug|Xbox 360 = EngineDebug|Xbox 360
		Release|Any CPU = Release|Any CPU
		Release|Mixed Platforms = Release|Mixed Platforms
		Release|Windows Phone = Release|Windows Phone
		Release|x64 = Release|x64
		Release|x86 = Release|x86
		Release|Xbox 360 = Release|Xbox 360
	EndGlobalSection
	GlobalSection(ProjectConfigurationPlatforms) = postSolution
		{1364642B-89D0-48AC-BF70-79997B7FC312}.Debug|Any CPU.ActiveCfg = Debug|x86
		{1364642B-89D0-48AC-BF70-79997B7FC312}.Debug|Mixed Platforms.ActiveCfg = Debug|x86
		{1364642B-89D0-48AC-BF70-79997B7FC312}.Debug|Mixed Platforms.Build.0 = Debug|x86
		{1364642B-89D0-48AC-BF70-79997B7FC312}.Debug|Windows Phone.ActiveCfg = Debug|x86
		{1364642B-89D0-48AC-BF70-79997B7FC312}.Debug|x64.ActiveCfg = Debug|x64
		{1364642B-89D0-48AC-BF70-79997B7FC312}.Debug|x64.Build.0 = Debug|x64
		{1364642B-89D0-48AC-BF70-79997B7FC312}.Debug|x86.ActiveCfg = Debug|x86
		{1364642B-89D0-48AC-BF70-79997B7FC312}.Debug|x86.Build.0 = Debug|x86
		{1364642B-89D0-48AC-BF70-79997B7FC312}.Debug|Xbox 360.ActiveCfg = Debug|x86
		{1364642B-89D0-48AC-BF70-79997B7FC312}.EditorRelease|Any CPU.ActiveCfg = EditorRelease|x86
		{1364642B-89D0-48AC-BF70-79997B7FC312}.EditorRelease|Mixed Platforms.ActiveCfg = EditorDebug|x86
		{1364642B-89D0-48AC-BF70-79997B7FC312}.EditorRelease|Mixed Platforms.Build.0 = EditorDebug|x86
		{1364642B-89D0-48AC-BF70-79997B7FC312}.EditorRelease|Windows Phone.ActiveCfg = EditorRelease|x86
		{1364642B-89D0-48AC-BF70-79997B7FC312}.EditorRelease|x64.ActiveCfg = EditorRelease|x64
		{1364642B-89D0-48AC-BF70-79997B7FC312}.EditorRelease|x64.Build.0 = EditorRelease|x64
		{1364642B-89D0-48AC-BF70-79997B7FC312}.EditorRelease|x86.ActiveCfg = EditorRelease|x86
		{1364642B-89D0-48AC-BF70-79997B7FC312}.EditorRelease|x86.Build.0 = EditorRelease|x86
		{1364642B-89D0-48AC-BF70-79997B7FC312}.EditorRelease|Xbox 360.ActiveCfg = EditorRelease|x86
		{1364642B-89D0-48AC-BF70-79997B7FC312}.EngineDebug|Any CPU.ActiveCfg = EditorDebug|x64
		{1364642B-89D0-48AC-BF70-79997B7FC312}.EngineDebug|Any CPU.Build.0 = EditorDebug|x64
		{1364642B-89D0-48AC-BF70-79997B7FC312}.EngineDebug|Mixed Platforms.ActiveCfg = Debug|x86
		{1364642B-89D0-48AC-BF70-79997B7FC312}.EngineDebug|Mixed Platforms.Build.0 = Debug|x86
		{1364642B-89D0-48AC-BF70-79997B7FC312}.EngineDebug|Windows Phone.ActiveCfg = EditorDebug|x64
		{1364642B-89D0-48AC-BF70-79997B7FC312}.EngineDebug|Windows Phone.Build.0 = EditorDebug|x64
		{1364642B-89D0-48AC-BF70-79997B7FC312}.EngineDebug|x64.ActiveCfg = Debug|x64
		{1364642B-89D0-48AC-BF70-79997B7FC312}.EngineDebug|x64.Build.0 = Debug|x64
		{1364642B-89D0-48AC-BF70-79997B7FC312}.EngineDebug|x86.ActiveCfg = Debug|x86
		{1364642B-89D0-48AC-BF70-79997B7FC312}.EngineDebug|x86.Build.0 = Debug|x86
		{1364642B-89D0-48AC-BF70-79997B7FC312}.EngineDebug|Xbox 360.ActiveCfg = EditorDebug|x64
		{1364642B-89D0-48AC-BF70-79997B7FC312}.EngineDebug|Xbox 360.Build.0 = EditorDebug|x64
		{1364642B-89D0-48AC-BF70-79997B7FC312}.Release|Any CPU.ActiveCfg = Release|x86
		{1364642B-89D0-48AC-BF70-79997B7FC312}.Release|Mixed Platforms.ActiveCfg = Release|x86
		{1364642B-89D0-48AC-BF70-79997B7FC312}.Release|Mixed Platforms.Build.0 = Release|x86
		{1364642B-89D0-48AC-BF70-79997B7FC312}.Release|Windows Phone.ActiveCfg = Release|x86
		{1364642B-89D0-48AC-BF70-79997B7FC312}.Release|x64.ActiveCfg = Release|x64
		{1364642B-89D0-48AC-BF70-79997B7FC312}.Release|x64.Build.0 = Release|x64
		{1364642B-89D0-48AC-BF70-79997B7FC312}.Release|x86.ActiveCfg = Release|x86
		{1364642B-89D0-48AC-BF70-79997B7FC312}.Release|x86.Build.0 = Release|x86
		{1364642B-89D0-48AC-BF70-79997B7FC312}.Release|Xbox 360.ActiveCfg = Release|x86
		{9D0AFB89-D88E-4EA9-ACED-7A5F002848A2}.Debug|Any CPU.ActiveCfg = Debug|Any CPU
		{9D0AFB89-D88E-4EA9-ACED-7A5F002848A2}.Debug|Any CPU.Build.0 = Debug|Any CPU
		{9D0AFB89-D88E-4EA9-ACED-7A5F002848A2}.Debug|Mixed Platforms.ActiveCfg = Debug|Any CPU
		{9D0AFB89-D88E-4EA9-ACED-7A5F002848A2}.Debug|Mixed Platforms.Build.0 = Debug|Any CPU
		{9D0AFB89-D88E-4EA9-ACED-7A5F002848A2}.Debug|Windows Phone.ActiveCfg = Debug|Any CPU
		{9D0AFB89-D88E-4EA9-ACED-7A5F002848A2}.Debug|Windows Phone.Build.0 = Debug|Any CPU
		{9D0AFB89-D88E-4EA9-ACED-7A5F002848A2}.Debug|x64.ActiveCfg = Debug|Any CPU
		{9D0AFB89-D88E-4EA9-ACED-7A5F002848A2}.Debug|x64.Build.0 = Debug|Any CPU
		{9D0AFB89-D88E-4EA9-ACED-7A5F002848A2}.Debug|x86.ActiveCfg = Debug|Any CPU
		{9D0AFB89-D88E-4EA9-ACED-7A5F002848A2}.Debug|x86.Build.0 = Debug|Any CPU
		{9D0AFB89-D88E-4EA9-ACED-7A5F002848A2}.Debug|Xbox 360.ActiveCfg = Debug|Any CPU
		{9D0AFB89-D88E-4EA9-ACED-7A5F002848A2}.Debug|Xbox 360.Build.0 = Debug|Any CPU
		{9D0AFB89-D88E-4EA9-ACED-7A5F002848A2}.EditorRelease|Any CPU.ActiveCfg = Release|Any CPU
		{9D0AFB89-D88E-4EA9-ACED-7A5F002848A2}.EditorRelease|Any CPU.Build.0 = Release|Any CPU
		{9D0AFB89-D88E-4EA9-ACED-7A5F002848A2}.EditorRelease|Mixed Platforms.ActiveCfg = Release|Any CPU
		{9D0AFB89-D88E-4EA9-ACED-7A5F002848A2}.EditorRelease|Mixed Platforms.Build.0 = Release|Any CPU
		{9D0AFB89-D88E-4EA9-ACED-7A5F002848A2}.EditorRelease|Windows Phone.ActiveCfg = Release|Any CPU
		{9D0AFB89-D88E-4EA9-ACED-7A5F002848A2}.EditorRelease|Windows Phone.Build.0 = Release|Any CPU
		{9D0AFB89-D88E-4EA9-ACED-7A5F002848A2}.EditorRelease|x64.ActiveCfg = Release|Any CPU
		{9D0AFB89-D88E-4EA9-ACED-7A5F002848A2}.EditorRelease|x64.Build.0 = Release|Any CPU
		{9D0AFB89-D88E-4EA9-ACED-7A5F002848A2}.EditorRelease|x86.ActiveCfg = Release|Any CPU
		{9D0AFB89-D88E-4EA9-ACED-7A5F002848A2}.EditorRelease|x86.Build.0 = Release|Any CPU
		{9D0AFB89-D88E-4EA9-ACED-7A5F002848A2}.EditorRelease|Xbox 360.ActiveCfg = Release|Any CPU
		{9D0AFB89-D88E-4EA9-ACED-7A5F002848A2}.EditorRelease|Xbox 360.Build.0 = Release|Any CPU
		{9D0AFB89-D88E-4EA9-ACED-7A5F002848A2}.EngineDebug|Any CPU.ActiveCfg = Debug|Any CPU
		{9D0AFB89-D88E-4EA9-ACED-7A5F002848A2}.EngineDebug|Any CPU.Build.0 = Debug|Any CPU
		{9D0AFB89-D88E-4EA9-ACED-7A5F002848A2}.EngineDebug|Mixed Platforms.ActiveCfg = Debug|Any CPU
		{9D0AFB89-D88E-4EA9-ACED-7A5F002848A2}.EngineDebug|Mixed Platforms.Build.0 = Debug|Any CPU
		{9D0AFB89-D88E-4EA9-ACED-7A5F002848A2}.EngineDebug|Windows Phone.ActiveCfg = Debug|Any CPU
		{9D0AFB89-D88E-4EA9-ACED-7A5F002848A2}.EngineDebug|Windows Phone.Build.0 = Debug|Any CPU
		{9D0AFB89-D88E-4EA9-ACED-7A5F002848A2}.EngineDebug|x64.ActiveCfg = Debug|Any CPU
		{9D0AFB89-D88E-4EA9-ACED-7A5F002848A2}.EngineDebug|x64.Build.0 = Debug|Any CPU
		{9D0AFB89-D88E-4EA9-ACED-7A5F002848A2}.EngineDebug|x86.ActiveCfg = Debug|Any CPU
		{9D0AFB89-D88E-4EA9-ACED-7A5F002848A2}.EngineDebug|x86.Build.0 = Debug|Any CPU
		{9D0AFB89-D88E-4EA9-ACED-7A5F002848A2}.EngineDebug|Xbox 360.ActiveCfg = Debug|Any CPU
		{9D0AFB89-D88E-4EA9-ACED-7A5F002848A2}.EngineDebug|Xbox 360.Build.0 = Debug|Any CPU
		{9D0AFB89-D88E-4EA9-ACED-7A5F002848A2}.Release|Any CPU.ActiveCfg = Release|Any CPU
		{9D0AFB89-D88E-4EA9-ACED-7A5F002848A2}.Release|Any CPU.Build.0 = Release|Any CPU
		{9D0AFB89-D88E-4EA9-ACED-7A5F002848A2}.Release|Mixed Platforms.ActiveCfg = Release|Any CPU
		{9D0AFB89-D88E-4EA9-ACED-7A5F002848A2}.Release|Mixed Platforms.Build.0 = Release|Any CPU
		{9D0AFB89-D88E-4EA9-ACED-7A5F002848A2}.Release|Windows Phone.ActiveCfg = Release|Any CPU
		{9D0AFB89-D88E-4EA9-ACED-7A5F002848A2}.Release|Windows Phone.Build.0 = Release|Any CPU
		{9D0AFB89-D88E-4EA9-ACED-7A5F002848A2}.Release|x64.ActiveCfg = Release|Any CPU
		{9D0AFB89-D88E-4EA9-ACED-7A5F002848A2}.Release|x64.Build.0 = Release|Any CPU
		{9D0AFB89-D88E-4EA9-ACED-7A5F002848A2}.Release|x86.ActiveCfg = Release|Any CPU
		{9D0AFB89-D88E-4EA9-ACED-7A5F002848A2}.Release|x86.Build.0 = Release|Any CPU
		{9D0AFB89-D88E-4EA9-ACED-7A5F002848A2}.Release|Xbox 360.ActiveCfg = Release|Any CPU
		{9D0AFB89-D88E-4EA9-ACED-7A5F002848A2}.Release|Xbox 360.Build.0 = Release|Any CPU
	EndGlobalSection
	GlobalSection(SolutionProperties) = preSolution
		HideSolutionNode = FALSE
	EndGlobalSection
EndGlobal
